{
  "pins" : [
    {
      "identity" : "swiftcharts",
      "kind" : "remoteSourceControl",
      "location" : "https://github.com/ivanschuetz/SwiftCharts",
      "state" : {
        "branch" : "master",
        "revision" : "c354c1945bb35a1f01b665b22474f6db28cba4a2"
      }
    }
  ],
  "version" : 2
}
