{
  "pins" : [
    {
      "identity" : "loopalgorithm",
      "kind" : "remoteSourceControl",
      "location" : "https://github.com/LoopKit/LoopAlgorithm",
      "state" : {
        "branch" : "main",
        "revision" : "52c0ec9471c7b7b6fc63ae59246507009e79a64d"
      }
    },
    {
      "identity" : "swiftcharts",
      "kind" : "remoteSourceControl",
      "location" : "https://github.com/ivanschuetz/SwiftCharts",
      "state" : {
        "branch" : "master",
        "revision" : "c354c1945bb35a1f01b665b22474f6db28cba4a2"
      }
    }
  ],
  "version" : 2
}
